PODS:
  - AXCameraKit (0.1.4)
  - AXKit (0.1.9)
  - BLE3Framework (4.9.2)
  - MJRefresh (3.1.15.1)
  - Realm (3.1.0):
    - Realm/Headers (= 3.1.0)
  - Realm/Headers (3.1.0)
  - YYKit (1.0.9):
    - YYKit/no-arc (= 1.0.9)
  - YYKit/no-arc (1.0.9)

DEPENDENCIES:
  - AXCameraKit
  - AXKit
  - BLE3Framework
  - MJRefresh
  - Realm
  - YYKit

SPEC CHECKSUMS:
  AXCameraKit: b7b9efb0394e94356ceb7e4ac85085903f9603c7
  AXKit: 8d8e8240c7dfe18b0b2211d94d086399ccb8ca90
  BLE3Framework: 2a8f1d7ba2648e7d09bc6c4176a95911e768044e
  MJRefresh: 5f8552bc25ca8751c010f621c1098dbdaacbccd6
  Realm: 09513d7c054678d65cd02ce09871f805b0d758ac
  YYKit: 7cda43304a8dc3696c449041e2cb3107b4e236e7

PODFILE CHECKSUM: 52bee1956c6216b2a87e352720e2fcef3f3fb203

COCOAPODS: 1.3.1
